
Microsoft Visual Studio Solution File, Format Version 12.00
# Visual Studio Version 17
VisualStudioVersion = 17.12.35514.174 d17.12
MinimumVisualStudioVersion = 10.0.40219.1
Project("{FAE04EC0-301F-11D3-BF4B-00C04F79EFBC}") = "QuickTable.API", "QuickTable.API.csproj", "{051FAA65-8424-43BF-A548-CE719BB65A18}"
EndProject
Project("{FAE04EC0-301F-11D3-BF4B-00C04F79EFBC}") = "QuickTable.Service", "..\QuickTable.Service\QuickTable.Service.csproj", "{4B35516D-7AB4-49D0-A341-05C6F3CDC91B}"
EndProject
Global
	GlobalSection(SolutionConfigurationPlatforms) = preSolution
		Debug|Any CPU = Debug|Any CPU
		Release|Any CPU = Release|Any CPU
	EndGlobalSection
	GlobalSection(ProjectConfigurationPlatforms) = postSolution
		{051FAA65-8424-43BF-A548-CE719BB65A18}.Debug|Any CPU.ActiveCfg = Debug|Any CPU
		{051FAA65-8424-43BF-A548-CE719BB65A18}.Debug|Any CPU.Build.0 = Debug|Any CPU
		{051FAA65-8424-43BF-A548-CE719BB65A18}.Release|Any CPU.ActiveCfg = Release|Any CPU
		{051FAA65-8424-43BF-A548-CE719BB65A18}.Release|Any CPU.Build.0 = Release|Any CPU
		{4B35516D-7AB4-49D0-A341-05C6F3CDC91B}.Debug|Any CPU.ActiveCfg = Debug|Any CPU
		{4B35516D-7AB4-49D0-A341-05C6F3CDC91B}.Debug|Any CPU.Build.0 = Debug|Any CPU
		{4B35516D-7AB4-49D0-A341-05C6F3CDC91B}.Release|Any CPU.ActiveCfg = Release|Any CPU
		{4B35516D-7AB4-49D0-A341-05C6F3CDC91B}.Release|Any CPU.Build.0 = Release|Any CPU
	EndGlobalSection
	GlobalSection(SolutionProperties) = preSolution
		HideSolutionNode = FALSE
	EndGlobalSection
EndGlobal
